
Microsoft Visual Studio Solution File, Format Version 12.00
# Visual Studio Version 17
VisualStudioVersion = 17.7.34031.279
MinimumVisualStudioVersion = 10.0.40219.1
Project("{9A19103F-16F7-4668-BE54-9A1E7A4F7556}") = "Server", "Server\Server.csproj", "{EF6EFA3D-7931-42C3-93D1-C17166FCCAA8}"
EndProject
Project("{9A19103F-16F7-4668-BE54-9A1E7A4F7556}") = "JameGam.Common", "..\Common\JameGam.Common\JameGam.Common.csproj", "{12F283BF-5049-401D-A759-B897C7429204}"
EndProject
Global
	GlobalSection(SolutionConfigurationPlatforms) = preSolution
		Debug|Any CPU = Debug|Any CPU
		Release|Any CPU = Release|Any CPU
	EndGlobalSection
	GlobalSection(ProjectConfigurationPlatforms) = postSolution
		{EF6EFA3D-7931-42C3-93D1-C17166FCCAA8}.Debug|Any CPU.ActiveCfg = Debug|Any CPU
		{EF6EFA3D-7931-42C3-93D1-C17166FCCAA8}.Debug|Any CPU.Build.0 = Debug|Any CPU
		{EF6EFA3D-7931-42C3-93D1-C17166FCCAA8}.Release|Any CPU.ActiveCfg = Release|Any CPU
		{EF6EFA3D-7931-42C3-93D1-C17166FCCAA8}.Release|Any CPU.Build.0 = Release|Any CPU
		{12F283BF-5049-401D-A759-B897C7429204}.Debug|Any CPU.ActiveCfg = Debug|Any CPU
		{12F283BF-5049-401D-A759-B897C7429204}.Debug|Any CPU.Build.0 = Debug|Any CPU
		{12F283BF-5049-401D-A759-B897C7429204}.Release|Any CPU.ActiveCfg = Release|Any CPU
		{12F283BF-5049-401D-A759-B897C7429204}.Release|Any CPU.Build.0 = Release|Any CPU
	EndGlobalSection
	GlobalSection(SolutionProperties) = preSolution
		HideSolutionNode = FALSE
	EndGlobalSection
	GlobalSection(ExtensibilityGlobals) = postSolution
		SolutionGuid = {1C01CC69-BE26-433C-A543-3220A580123F}
	EndGlobalSection
EndGlobal
